
Microsoft Visual Studio Solution File, Format Version 12.00
# Visual Studio Version 17
VisualStudioVersion = 17.7.34009.444
MinimumVisualStudioVersion = 10.0.40219.1
Project("{9A19103F-16F7-4668-BE54-9A1E7A4F7556}") = "ToDoList.Entities", "src\entities\ToDoList.Entities.csproj", "{D59B2D62-FCCA-47AF-B90E-1D8057237EF1}"
EndProject
Project("{9A19103F-16F7-4668-BE54-9A1E7A4F7556}") = "ToDoList.Messaging", "src\messaging\ToDoList.Messaging.csproj", "{FD51B0C2-FF71-422B-99CB-C2048C766991}"
EndProject
Project("{9A19103F-16F7-4668-BE54-9A1E7A4F7556}") = "ToDoList.Model", "src\model\ToDoList.Model.csproj", "{38A0E73E-8152-4EC8-87F1-3B6EA29218A2}"
EndProject
Project("{9A19103F-16F7-4668-BE54-9A1E7A4F7556}") = "ToDoList", "src\web\ToDoList.csproj", "{615AE91A-443B-48C0-9DC5-7C887688FCC8}"
EndProject
Project("{9A19103F-16F7-4668-BE54-9A1E7A4F7556}") = "TodoList_Functions", "functions\TodoList.Functions\TodoList_Functions.csproj", "{73F71B0F-0099-41AA-9C8A-B28D16F973BB}"
EndProject
Global
	GlobalSection(SolutionConfigurationPlatforms) = preSolution
		Debug|Any CPU = Debug|Any CPU
		Release|Any CPU = Release|Any CPU
	EndGlobalSection
	GlobalSection(ProjectConfigurationPlatforms) = postSolution
		{D59B2D62-FCCA-47AF-B90E-1D8057237EF1}.Debug|Any CPU.ActiveCfg = Debug|Any CPU
		{D59B2D62-FCCA-47AF-B90E-1D8057237EF1}.Debug|Any CPU.Build.0 = Debug|Any CPU
		{D59B2D62-FCCA-47AF-B90E-1D8057237EF1}.Release|Any CPU.ActiveCfg = Release|Any CPU
		{D59B2D62-FCCA-47AF-B90E-1D8057237EF1}.Release|Any CPU.Build.0 = Release|Any CPU
		{FD51B0C2-FF71-422B-99CB-C2048C766991}.Debug|Any CPU.ActiveCfg = Debug|Any CPU
		{FD51B0C2-FF71-422B-99CB-C2048C766991}.Debug|Any CPU.Build.0 = Debug|Any CPU
		{FD51B0C2-FF71-422B-99CB-C2048C766991}.Release|Any CPU.ActiveCfg = Release|Any CPU
		{FD51B0C2-FF71-422B-99CB-C2048C766991}.Release|Any CPU.Build.0 = Release|Any CPU
		{38A0E73E-8152-4EC8-87F1-3B6EA29218A2}.Debug|Any CPU.ActiveCfg = Debug|Any CPU
		{38A0E73E-8152-4EC8-87F1-3B6EA29218A2}.Debug|Any CPU.Build.0 = Debug|Any CPU
		{38A0E73E-8152-4EC8-87F1-3B6EA29218A2}.Release|Any CPU.ActiveCfg = Release|Any CPU
		{38A0E73E-8152-4EC8-87F1-3B6EA29218A2}.Release|Any CPU.Build.0 = Release|Any CPU
		{615AE91A-443B-48C0-9DC5-7C887688FCC8}.Debug|Any CPU.ActiveCfg = Debug|Any CPU
		{615AE91A-443B-48C0-9DC5-7C887688FCC8}.Debug|Any CPU.Build.0 = Debug|Any CPU
		{615AE91A-443B-48C0-9DC5-7C887688FCC8}.Release|Any CPU.ActiveCfg = Release|Any CPU
		{615AE91A-443B-48C0-9DC5-7C887688FCC8}.Release|Any CPU.Build.0 = Release|Any CPU
		{73F71B0F-0099-41AA-9C8A-B28D16F973BB}.Debug|Any CPU.ActiveCfg = Debug|Any CPU
		{73F71B0F-0099-41AA-9C8A-B28D16F973BB}.Debug|Any CPU.Build.0 = Debug|Any CPU
		{73F71B0F-0099-41AA-9C8A-B28D16F973BB}.Release|Any CPU.ActiveCfg = Release|Any CPU
		{73F71B0F-0099-41AA-9C8A-B28D16F973BB}.Release|Any CPU.Build.0 = Release|Any CPU
	EndGlobalSection
	GlobalSection(SolutionProperties) = preSolution
		HideSolutionNode = FALSE
	EndGlobalSection
	GlobalSection(ExtensibilityGlobals) = postSolution
		SolutionGuid = {44ACBBED-E4DD-439E-8734-2D90A3ED2539}
	EndGlobalSection
EndGlobal
